github.com/koykov/byteconv v1.0.0 h1:C8NThxj3Vcmv7f1h384Ti7F9zjVDnOy9AZj9KxTaYqM=
github.com/koykov/byteconv v1.0.0/go.mod h1:viZknv/akQJrXOQS3bZu2U7TE+gjA03LFQpSsRExZR4=
github.com/koykov/hash v1.0.0 h1:9fO+G934GvZqdtnpn6rfv5kipxUw9Tix+VswM7heASA=
github.com/koykov/hash v1.0.0/go.mod h1:O9RBNTOh5CSr3z6JSchbN6SXhB4TrqsKvS9S3zr6VJ4=
