github.com/koykov/bytealg v1.0.8-0.20251031201802-4eb0aa96e1e9 h1:Jc5hEe7Dcom860nEml75yGKhxqHpI5RgxAbeTCeZ6+M=
github.com/koykov/bytealg v1.0.8-0.20251031201802-4eb0aa96e1e9/go.mod h1:F/tI4QC4jUMTZfV4+U1ifn3mGcdBLLi409eGASEEoSU=
github.com/koykov/byteconv v1.0.1 h1:5Yb6++P+HnipDW/V9rHXR7CyS0ZFncspT4isvt65fFA=
github.com/koykov/byteconv v1.0.1/go.mod h1:viZknv/akQJrXOQS3bZu2U7TE+gjA03LFQpSsRExZR4=
github.com/koykov/byteseq v1.0.2 h1:LVPEudSAoR5kWEH1JZ5q64fFn/LIFFs+4WgmDZ3zyIo=
github.com/koykov/byteseq v1.0.2/go.mod h1:JlIJ6P3/ocuGNRbTVyP0NVRS/ExofhOS8g7mtefjefw=
github.com/koykov/clock v1.1.6 h1:xq5grJGUrodu/pGgkPG5cYAC2Bg4WNn36Ze8i+eu1fE=
github.com/koykov/clock v1.1.6/go.mod h1:1zTU4L5nvZcSPKpO17TCNAGs6osqhjbAm5XugPXXv+0=
github.com/koykov/entry v1.0.3-0.20260627093717-53374144eb45 h1:Q/ikLM/C6v/qBo4wl1cJ990F2mNta8DUmO0ZlBeRU6I=
github.com/koykov/entry v1.0.3-0.20260627093717-53374144eb45/go.mod h1:WmCy/YM0sPb4ETL9wYY0OJwO89KJ7qeQPGOwLUG4rZU=
github.com/koykov/x2bytes v1.0.3 h1:AQTQ2cwSGAXj+J/s6wJF1kzMyJeo3DRtt4MCeHS9ijg=
github.com/koykov/x2bytes v1.0.3/go.mod h1:0fbvyQAm3RAiTOE/NT0Dg3ZXL9EQiYpyrp5wZyoz11Q=
